
Microsoft Visual Studio Solution File, Format Version 12.00
# Visual Studio Version 16
VisualStudioVersion = 16.0.31515.178
MinimumVisualStudioVersion = 10.0.40219.1
Project("{9A19103F-16F7-4668-BE54-9A1E7A4F7556}") = "Tasklar", "Tasklar\Tasklar.csproj", "{648B4532-0BB3-41AC-934A-CFC6912A6090}"
EndProject
Global
	GlobalSection(SolutionConfigurationPlatforms) = preSolution
		Debug|Any CPU = Debug|Any CPU
		Release|Any CPU = Release|Any CPU
	EndGlobalSection
	GlobalSection(ProjectConfigurationPlatforms) = postSolution
		{648B4532-0BB3-41AC-934A-CFC6912A6090}.Debug|Any CPU.ActiveCfg = Debug|Any CPU
		{648B4532-0BB3-41AC-934A-CFC6912A6090}.Debug|Any CPU.Build.0 = Debug|Any CPU
		{648B4532-0BB3-41AC-934A-CFC6912A6090}.Release|Any CPU.ActiveCfg = Release|Any CPU
		{648B4532-0BB3-41AC-934A-CFC6912A6090}.Release|Any CPU.Build.0 = Release|Any CPU
	EndGlobalSection
	GlobalSection(SolutionProperties) = preSolution
		HideSolutionNode = FALSE
	EndGlobalSection
	GlobalSection(ExtensibilityGlobals) = postSolution
		SolutionGuid = {E4486678-D9EF-4835-A0F3-842E17E2F48B}
	EndGlobalSection
EndGlobal
